
Microsoft Visual Studio Solution File, Format Version 12.00
# Visual Studio Version 17
VisualStudioVersion = 17.9.34616.47
MinimumVisualStudioVersion = 10.0.40219.1
Project("{FAE04EC0-301F-11D3-BF4B-00C04F79EFBC}") = "TaskManagerApp", "TaskManagerApp\TaskManagerApp.csproj", "{031D872E-6A79-4254-8CB6-A434C1375383}"
EndProject
Project("{2150E333-8FDC-42A3-9474-1A3956D46DE8}") = "Solution Items", "Solution Items", "{FDF46CD2-6253-49CE-BCEB-96574A7403CF}"
	ProjectSection(SolutionItems) = preProject
		README.md = README.md
	EndProjectSection
EndProject
Global
	GlobalSection(SolutionConfigurationPlatforms) = preSolution
		Debug|Any CPU = Debug|Any CPU
		Release|Any CPU = Release|Any CPU
	EndGlobalSection
	GlobalSection(ProjectConfigurationPlatforms) = postSolution
		{031D872E-6A79-4254-8CB6-A434C1375383}.Debug|Any CPU.ActiveCfg = Debug|Any CPU
		{031D872E-6A79-4254-8CB6-A434C1375383}.Debug|Any CPU.Build.0 = Debug|Any CPU
		{031D872E-6A79-4254-8CB6-A434C1375383}.Release|Any CPU.ActiveCfg = Release|Any CPU
		{031D872E-6A79-4254-8CB6-A434C1375383}.Release|Any CPU.Build.0 = Release|Any CPU
	EndGlobalSection
	GlobalSection(SolutionProperties) = preSolution
		HideSolutionNode = FALSE
	EndGlobalSection
	GlobalSection(ExtensibilityGlobals) = postSolution
		SolutionGuid = {80A3857F-5AA5-4991-A771-A5584AF670E2}
	EndGlobalSection
EndGlobal
